{
  "name": "go-ogle-sheet",
  "lockfileVersion": 3,
  "requires": true,
  "packages": {
    "": {
      "dependencies": {
        "@vercel/functions": "^1.5.0"
      }
    },
    "node_modules/@vercel/functions": {
      "version": "1.5.0",
      "resolved": "https://registry.npmjs.org/@vercel/functions/-/functions-1.5.0.tgz",
      "integrity": "sha512-ub3ptVeOsx8UPgiTv9+rpQJqmF7VG8QIzguBZo0E0VRAyJliB8bt1ooB9Wrh3333dKzMNS8NMe3iFtf6OPUP3A==",
      "license": "Apache-2.0",
      "engines": {
        "node": ">= 16"
      },
      "peerDependencies": {
        "@aws-sdk/credential-provider-web-identity": "*"
      },
      "peerDependenciesMeta": {
        "@aws-sdk/credential-provider-web-identity": {
          "optional": true
        }
      }
    }
  }
}
